PODS:
  - Differ (1.2.3)
  - SwiftLint (0.26.0)

DEPENDENCIES:
  - Differ (~> 1.2)
  - SwiftLint (= 0.26.0)

SPEC REPOS:
  https://github.com/cocoapods/specs.git:
    - Differ
    - SwiftLint

SPEC CHECKSUMS:
  Differ: 061f3298ea9408494c43b530c44583e555884daf
  SwiftLint: f6b83e8d95ee1e91e11932d843af4fdcbf3fc764

PODFILE CHECKSUM: d3ffc320623f4782a2490bde852e36bcde223fb4

COCOAPODS: 1.5.3
