PODS:
  - DifferenceKit (0.7.2):
    - DifferenceKit/Core (= 0.7.2)
    - DifferenceKit/UIKitExtension (= 0.7.2)
  - DifferenceKit/Core (0.7.2)
  - DifferenceKit/UIKitExtension (0.7.2):
    - DifferenceKit/Core
  - SwiftLint (0.29.1)

DEPENDENCIES:
  - DifferenceKit (= 0.7.2)
  - SwiftLint (= 0.29.1)

SPEC REPOS:
  https://github.com/cocoapods/specs.git:
    - DifferenceKit
    - SwiftLint

SPEC CHECKSUMS:
  DifferenceKit: 5179eaf0e76a1b9fbaeb93f4c1a82510be63ca65
  SwiftLint: 6772320e40b52049053a518c17db9b0634a0b45a

PODFILE CHECKSUM: 8e7be6fc2d908dca17178ec44e18b6eb1d6e310b

COCOAPODS: 1.5.3
