PODS:
  - DifferenceKit (1.1.3):
    - DifferenceKit/Core (= 1.1.3)
    - DifferenceKit/UIKitExtension (= 1.1.3)
  - DifferenceKit/Core (1.1.3)
  - DifferenceKit/UIKitExtension (1.1.3):
    - DifferenceKit/Core
  - SwiftLint (0.39.2)

DEPENDENCIES:
  - DifferenceKit (= 1.1.3)
  - SwiftLint

SPEC REPOS:
  trunk:
    - DifferenceKit
    - SwiftLint

SPEC CHECKSUMS:
  DifferenceKit: 5018791b6c1fc839921a3c171a0a539ace6ea60c
  SwiftLint: 22ccbbe3b8008684be5955693bab135e0ed6a447

PODFILE CHECKSUM: ad1a9d103cb5e7d9f38226030275a10ba608dbd2

COCOAPODS: 1.9.3
