// !$*UTF8*$!
{
	archiveVersion = 1;
	classes = {
	};
	objectVersion = 46;
	objects = {

/* Begin PBXBuildFile section */
		0ABAC2EBC76C5C0A6354C8F6 /* Pods_ReactiveLists_ReactiveListsExample.framework in Frameworks */ = {isa = PBXBuildFile; fileRef = 2F35530D29268B112F99A187 /* Pods_ReactiveLists_ReactiveListsExample.framework */; };
		2541B7321F298A69002C3090 /* Models.swift in Sources */ = {isa = PBXBuildFile; fileRef = 2541B7311F298A69002C3090 /* Models.swift */; };
		2541B73D1F29A13B002C3090 /* Diffing.swift in Sources */ = {isa = PBXBuildFile; fileRef = 2541B73C1F29A13B002C3090 /* Diffing.swift */; };
		2576640E1F29075C00C037E3 /* AppDelegate.swift in Sources */ = {isa = PBXBuildFile; fileRef = 2576640D1F29075C00C037E3 /* AppDelegate.swift */; };
		257664131F29075C00C037E3 /* Main.storyboard in Resources */ = {isa = PBXBuildFile; fileRef = 257664111F29075C00C037E3 /* Main.storyboard */; };
		257664151F29075C00C037E3 /* Assets.xcassets in Resources */ = {isa = PBXBuildFile; fileRef = 257664141F29075C00C037E3 /* Assets.xcassets */; };
		257664181F29075C00C037E3 /* LaunchScreen.storyboard in Resources */ = {isa = PBXBuildFile; fileRef = 257664161F29075C00C037E3 /* LaunchScreen.storyboard */; };
		2576641F1F2907DB00C037E3 /* TableViewController.swift in Sources */ = {isa = PBXBuildFile; fileRef = 2576641E1F2907DB00C037E3 /* TableViewController.swift */; };
		257664231F2907FE00C037E3 /* TableViewCellModels.swift in Sources */ = {isa = PBXBuildFile; fileRef = 257664221F2907FE00C037E3 /* TableViewCellModels.swift */; };
		257A97C02017A5D300164403 /* TestCollectionViewModels.swift in Sources */ = {isa = PBXBuildFile; fileRef = 257A97BC2017A5AA00164403 /* TestCollectionViewModels.swift */; };
		257A97C12017A5D300164403 /* TestTableViewModels.swift in Sources */ = {isa = PBXBuildFile; fileRef = 257A97BD2017A5AA00164403 /* TestTableViewModels.swift */; };
		257A97D42017A82900164403 /* TableViewMocks.swift in Sources */ = {isa = PBXBuildFile; fileRef = 257A97C42017A80B00164403 /* TableViewMocks.swift */; };
		257A97D52017A82900164403 /* TableViewDriverTests.swift in Sources */ = {isa = PBXBuildFile; fileRef = 257A97C52017A80B00164403 /* TableViewDriverTests.swift */; };
		257A97D62017A82900164403 /* TableViewDiffingTests.swift in Sources */ = {isa = PBXBuildFile; fileRef = 257A97C62017A80B00164403 /* TableViewDiffingTests.swift */; };
		257A97D72017A82900164403 /* TableViewModelTests.swift in Sources */ = {isa = PBXBuildFile; fileRef = 257A97C72017A80B00164403 /* TableViewModelTests.swift */; };
		257A97D82017A82F00164403 /* CollectionViewDriverTests.swift in Sources */ = {isa = PBXBuildFile; fileRef = 257A97C92017A80B00164403 /* CollectionViewDriverTests.swift */; };
		257A97D92017A82F00164403 /* CollectionViewModelTests.swift in Sources */ = {isa = PBXBuildFile; fileRef = 257A97CA2017A80B00164403 /* CollectionViewModelTests.swift */; };
		257A97DA2017A83400164403 /* XCTest+Parameterized.swift in Sources */ = {isa = PBXBuildFile; fileRef = 257A97CC2017A80B00164403 /* XCTest+Parameterized.swift */; };
		257A97DD2017AA9000164403 /* CollectionViewMocks.swift in Sources */ = {isa = PBXBuildFile; fileRef = 257A97DB2017AA3500164403 /* CollectionViewMocks.swift */; };
		258E31991F0D8CBC00D6F324 /* ReactiveLists.framework in Frameworks */ = {isa = PBXBuildFile; fileRef = 258E318F1F0D8CBC00D6F324 /* ReactiveLists.framework */; };
		258E31A01F0D8CBC00D6F324 /* ReactiveLists.h in Headers */ = {isa = PBXBuildFile; fileRef = 258E31921F0D8CBC00D6F324 /* ReactiveLists.h */; settings = {ATTRIBUTES = (Public, ); }; };
		258E31B11F0D8D9C00D6F324 /* CollectionViewDriver.swift in Sources */ = {isa = PBXBuildFile; fileRef = 258E31AC1F0D8D9C00D6F324 /* CollectionViewDriver.swift */; };
		258E31B21F0D8D9C00D6F324 /* CollectionViewModel.swift in Sources */ = {isa = PBXBuildFile; fileRef = 258E31AD1F0D8D9C00D6F324 /* CollectionViewModel.swift */; };
		258E31B31F0D8D9C00D6F324 /* TableViewDriver.swift in Sources */ = {isa = PBXBuildFile; fileRef = 258E31AE1F0D8D9C00D6F324 /* TableViewDriver.swift */; };
		258E31B41F0D8D9C00D6F324 /* TableViewModel.swift in Sources */ = {isa = PBXBuildFile; fileRef = 258E31AF1F0D8D9C00D6F324 /* TableViewModel.swift */; };
		258E31D31F0D8F3100D6F324 /* AccessibilityFormats.swift in Sources */ = {isa = PBXBuildFile; fileRef = 258E31D11F0D8F3100D6F324 /* AccessibilityFormats.swift */; };
		258E31D41F0D8F3100D6F324 /* SupplementaryViewInfo.swift in Sources */ = {isa = PBXBuildFile; fileRef = 258E31D21F0D8F3100D6F324 /* SupplementaryViewInfo.swift */; };
		25B1B0B920195F1C0036545F /* CollectionViewDriverDiffingTests.swift in Sources */ = {isa = PBXBuildFile; fileRef = 25B1B0B720195F160036545F /* CollectionViewDriverDiffingTests.swift */; };
		25B1B0BA201A53CF0036545F /* Typealiases.swift in Sources */ = {isa = PBXBuildFile; fileRef = 32124A712019312200EE12FC /* Typealiases.swift */; };
		3203532B201BE9E90024D6CC /* ToolTableViewCell.swift in Sources */ = {isa = PBXBuildFile; fileRef = 32035329201BE99F0024D6CC /* ToolTableViewCell.swift */; };
		3203532D201BF5FB0024D6CC /* CellContainerViewProtocol.swift in Sources */ = {isa = PBXBuildFile; fileRef = 3203532C201BF5FB0024D6CC /* CellContainerViewProtocol.swift */; };
		320B8FE82024E654002615F8 /* ReusableCellViewModelProtocol.swift in Sources */ = {isa = PBXBuildFile; fileRef = 320B8FE72024E654002615F8 /* ReusableCellViewModelProtocol.swift */; };
		32753F8D201BB8310084DCB1 /* UICollectionView+Extensions.swift in Sources */ = {isa = PBXBuildFile; fileRef = 32753F8C201BB8310084DCB1 /* UICollectionView+Extensions.swift */; };
		32753F8F201BB8470084DCB1 /* UITableView+Extensions.swift in Sources */ = {isa = PBXBuildFile; fileRef = 32753F8E201BB8470084DCB1 /* UITableView+Extensions.swift */; };
		32E7A1F8201BADE800B90EBC /* ViewRegistrationInfo.swift in Sources */ = {isa = PBXBuildFile; fileRef = 32E7A1F7201BADE800B90EBC /* ViewRegistrationInfo.swift */; };
		351B0BB920168E2E0034569D /* CollectionViewCells.swift in Sources */ = {isa = PBXBuildFile; fileRef = 351B0BB420168D2E0034569D /* CollectionViewCells.swift */; };
		351B0BBA20168E2E0034569D /* CollectionViewController.swift in Sources */ = {isa = PBXBuildFile; fileRef = 351B0BB320168D2E0034569D /* CollectionViewController.swift */; };
		357B96DA201934C50000443F /* CollectionToolCell.xib in Resources */ = {isa = PBXBuildFile; fileRef = 357B96D9201934C50000443F /* CollectionToolCell.xib */; };
		357B96DC2019374E0000443F /* CollectionToolCell.xib in Resources */ = {isa = PBXBuildFile; fileRef = 357B96D9201934C50000443F /* CollectionToolCell.xib */; };
		357B96E9201956760000443F /* CollectionViewHeaderView.xib in Resources */ = {isa = PBXBuildFile; fileRef = 357B96E8201956760000443F /* CollectionViewHeaderView.xib */; };
		357B96EA2019599C0000443F /* CollectionViewHeaderView.xib in Resources */ = {isa = PBXBuildFile; fileRef = 357B96E8201956760000443F /* CollectionViewHeaderView.xib */; };
		7C24B1408A8B3A147C254BCA /* Pods_ReactiveLists.framework in Frameworks */ = {isa = PBXBuildFile; fileRef = 978763204EC113AFD1F7EB54 /* Pods_ReactiveLists.framework */; };
		C11B2E5FBD1253C9FFA431A1 /* Pods_ReactiveListsTests.framework in Frameworks */ = {isa = PBXBuildFile; fileRef = 932473A2DAECE0F923C4B570 /* Pods_ReactiveListsTests.framework */; };
/* End PBXBuildFile section */

/* Begin PBXContainerItemProxy section */
		258E319A1F0D8CBC00D6F324 /* PBXContainerItemProxy */ = {
			isa = PBXContainerItemProxy;
			containerPortal = 258E31861F0D8CBC00D6F324 /* Project object */;
			proxyType = 1;
			remoteGlobalIDString = 258E318E1F0D8CBC00D6F324;
			remoteInfo = ReactiveLists;
		};
		25D0D42F1F29356C00596AED /* PBXContainerItemProxy */ = {
			isa = PBXContainerItemProxy;
			containerPortal = 258E31861F0D8CBC00D6F324 /* Project object */;
			proxyType = 1;
			remoteGlobalIDString = 258E318E1F0D8CBC00D6F324;
			remoteInfo = ReactiveLists;
		};
/* End PBXContainerItemProxy section */

/* Begin PBXCopyFilesBuildPhase section */
		2540F4A61F0DAE9F003B4C66 /* CopyFiles */ = {
			isa = PBXCopyFilesBuildPhase;
			buildActionMask = 2147483647;
			dstPath = "";
			dstSubfolderSpec = 10;
			files = (
			);
			runOnlyForDeploymentPostprocessing = 0;
		};
/* End PBXCopyFilesBuildPhase section */

/* Begin PBXFileReference section */
		2540F4A01F0DA395003B4C66 /* PlanLib.framework */ = {isa = PBXFileReference; lastKnownFileType = wrapper.framework; name = PlanLib.framework; path = "../Debug-iphonesimulator/PlanLib.framework"; sourceTree = BUILT_PRODUCTS_DIR; };
		2541B7311F298A69002C3090 /* Models.swift */ = {isa = PBXFileReference; fileEncoding = 4; lastKnownFileType = sourcecode.swift; path = Models.swift; sourceTree = "<group>"; };
		2541B73C1F29A13B002C3090 /* Diffing.swift */ = {isa = PBXFileReference; fileEncoding = 4; lastKnownFileType = sourcecode.swift; path = Diffing.swift; sourceTree = "<group>"; };
		2576640B1F29075C00C037E3 /* ReactiveListsExample.app */ = {isa = PBXFileReference; explicitFileType = wrapper.application; includeInIndex = 0; path = ReactiveListsExample.app; sourceTree = BUILT_PRODUCTS_DIR; };
		2576640D1F29075C00C037E3 /* AppDelegate.swift */ = {isa = PBXFileReference; lastKnownFileType = sourcecode.swift; path = AppDelegate.swift; sourceTree = "<group>"; };
		257664121F29075C00C037E3 /* Base */ = {isa = PBXFileReference; lastKnownFileType = file.storyboard; name = Base; path = Base.lproj/Main.storyboard; sourceTree = "<group>"; };
		257664141F29075C00C037E3 /* Assets.xcassets */ = {isa = PBXFileReference; lastKnownFileType = folder.assetcatalog; path = Assets.xcassets; sourceTree = "<group>"; };
		257664171F29075C00C037E3 /* Base */ = {isa = PBXFileReference; lastKnownFileType = file.storyboard; name = Base; path = Base.lproj/LaunchScreen.storyboard; sourceTree = "<group>"; };
		257664191F29075C00C037E3 /* Info.plist */ = {isa = PBXFileReference; lastKnownFileType = text.plist.xml; path = Info.plist; sourceTree = "<group>"; };
		2576641E1F2907DB00C037E3 /* TableViewController.swift */ = {isa = PBXFileReference; fileEncoding = 4; lastKnownFileType = sourcecode.swift; path = TableViewController.swift; sourceTree = "<group>"; };
		257664221F2907FE00C037E3 /* TableViewCellModels.swift */ = {isa = PBXFileReference; fileEncoding = 4; lastKnownFileType = sourcecode.swift; path = TableViewCellModels.swift; sourceTree = "<group>"; };
		257A97BC2017A5AA00164403 /* TestCollectionViewModels.swift */ = {isa = PBXFileReference; fileEncoding = 4; lastKnownFileType = sourcecode.swift; path = TestCollectionViewModels.swift; sourceTree = "<group>"; };
		257A97BD2017A5AA00164403 /* TestTableViewModels.swift */ = {isa = PBXFileReference; fileEncoding = 4; lastKnownFileType = sourcecode.swift; path = TestTableViewModels.swift; sourceTree = "<group>"; };
		257A97C42017A80B00164403 /* TableViewMocks.swift */ = {isa = PBXFileReference; fileEncoding = 4; lastKnownFileType = sourcecode.swift; path = TableViewMocks.swift; sourceTree = "<group>"; };
		257A97C52017A80B00164403 /* TableViewDriverTests.swift */ = {isa = PBXFileReference; fileEncoding = 4; lastKnownFileType = sourcecode.swift; path = TableViewDriverTests.swift; sourceTree = "<group>"; };
		257A97C62017A80B00164403 /* TableViewDiffingTests.swift */ = {isa = PBXFileReference; fileEncoding = 4; lastKnownFileType = sourcecode.swift; path = TableViewDiffingTests.swift; sourceTree = "<group>"; };
		257A97C72017A80B00164403 /* TableViewModelTests.swift */ = {isa = PBXFileReference; fileEncoding = 4; lastKnownFileType = sourcecode.swift; path = TableViewModelTests.swift; sourceTree = "<group>"; };
		257A97C92017A80B00164403 /* CollectionViewDriverTests.swift */ = {isa = PBXFileReference; fileEncoding = 4; lastKnownFileType = sourcecode.swift; path = CollectionViewDriverTests.swift; sourceTree = "<group>"; };
		257A97CA2017A80B00164403 /* CollectionViewModelTests.swift */ = {isa = PBXFileReference; fileEncoding = 4; lastKnownFileType = sourcecode.swift; path = CollectionViewModelTests.swift; sourceTree = "<group>"; };
		257A97CC2017A80B00164403 /* XCTest+Parameterized.swift */ = {isa = PBXFileReference; fileEncoding = 4; lastKnownFileType = sourcecode.swift; path = "XCTest+Parameterized.swift"; sourceTree = "<group>"; };
		257A97DB2017AA3500164403 /* CollectionViewMocks.swift */ = {isa = PBXFileReference; lastKnownFileType = sourcecode.swift; path = CollectionViewMocks.swift; sourceTree = "<group>"; };
		258E318F1F0D8CBC00D6F324 /* ReactiveLists.framework */ = {isa = PBXFileReference; explicitFileType = wrapper.framework; includeInIndex = 0; path = ReactiveLists.framework; sourceTree = BUILT_PRODUCTS_DIR; };
		258E31921F0D8CBC00D6F324 /* ReactiveLists.h */ = {isa = PBXFileReference; lastKnownFileType = sourcecode.c.h; path = ReactiveLists.h; sourceTree = "<group>"; };
		258E31931F0D8CBC00D6F324 /* Info.plist */ = {isa = PBXFileReference; lastKnownFileType = text.plist.xml; path = Info.plist; sourceTree = "<group>"; };
		258E31981F0D8CBC00D6F324 /* ReactiveListsTests.xctest */ = {isa = PBXFileReference; explicitFileType = wrapper.cfbundle; includeInIndex = 0; path = ReactiveListsTests.xctest; sourceTree = BUILT_PRODUCTS_DIR; };
		258E319F1F0D8CBC00D6F324 /* Info.plist */ = {isa = PBXFileReference; lastKnownFileType = text.plist.xml; path = Info.plist; sourceTree = "<group>"; };
		258E31AC1F0D8D9C00D6F324 /* CollectionViewDriver.swift */ = {isa = PBXFileReference; fileEncoding = 4; lastKnownFileType = sourcecode.swift; path = CollectionViewDriver.swift; sourceTree = "<group>"; };
		258E31AD1F0D8D9C00D6F324 /* CollectionViewModel.swift */ = {isa = PBXFileReference; fileEncoding = 4; lastKnownFileType = sourcecode.swift; path = CollectionViewModel.swift; sourceTree = "<group>"; };
		258E31AE1F0D8D9C00D6F324 /* TableViewDriver.swift */ = {isa = PBXFileReference; fileEncoding = 4; lastKnownFileType = sourcecode.swift; path = TableViewDriver.swift; sourceTree = "<group>"; };
		258E31AF1F0D8D9C00D6F324 /* TableViewModel.swift */ = {isa = PBXFileReference; fileEncoding = 4; lastKnownFileType = sourcecode.swift; path = TableViewModel.swift; sourceTree = "<group>"; };
		258E31D11F0D8F3100D6F324 /* AccessibilityFormats.swift */ = {isa = PBXFileReference; fileEncoding = 4; lastKnownFileType = sourcecode.swift; path = AccessibilityFormats.swift; sourceTree = "<group>"; };
		258E31D21F0D8F3100D6F324 /* SupplementaryViewInfo.swift */ = {isa = PBXFileReference; fileEncoding = 4; lastKnownFileType = sourcecode.swift; path = SupplementaryViewInfo.swift; sourceTree = "<group>"; };
		258E31EB1F0D9A2400D6F324 /* PGSharedTestUtils.framework */ = {isa = PBXFileReference; lastKnownFileType = wrapper.framework; name = PGSharedTestUtils.framework; path = "../PGSharedTestUtils/build/Debug-iphoneos/PGSharedTestUtils.framework"; sourceTree = "<group>"; };
		258E31ED1F0D9A3600D6F324 /* PGSharedTestUtils.framework */ = {isa = PBXFileReference; lastKnownFileType = wrapper.framework; name = PGSharedTestUtils.framework; path = "../PGSharedTestUtils/build/Debug-iphoneos/PGSharedTestUtils.framework"; sourceTree = "<group>"; };
		25B1B0B720195F160036545F /* CollectionViewDriverDiffingTests.swift */ = {isa = PBXFileReference; lastKnownFileType = sourcecode.swift; path = CollectionViewDriverDiffingTests.swift; sourceTree = "<group>"; };
		276442FEC917A7E0F32CE5B4 /* Pods-ReactiveLists-ReactiveListsExample.debug.xcconfig */ = {isa = PBXFileReference; includeInIndex = 1; lastKnownFileType = text.xcconfig; name = "Pods-ReactiveLists-ReactiveListsExample.debug.xcconfig"; path = "Pods/Target Support Files/Pods-ReactiveLists-ReactiveListsExample/Pods-ReactiveLists-ReactiveListsExample.debug.xcconfig"; sourceTree = "<group>"; };
		2F35530D29268B112F99A187 /* Pods_ReactiveLists_ReactiveListsExample.framework */ = {isa = PBXFileReference; explicitFileType = wrapper.framework; includeInIndex = 0; path = Pods_ReactiveLists_ReactiveListsExample.framework; sourceTree = BUILT_PRODUCTS_DIR; };
		32035329201BE99F0024D6CC /* ToolTableViewCell.swift */ = {isa = PBXFileReference; lastKnownFileType = sourcecode.swift; path = ToolTableViewCell.swift; sourceTree = "<group>"; };
		3203532C201BF5FB0024D6CC /* CellContainerViewProtocol.swift */ = {isa = PBXFileReference; lastKnownFileType = sourcecode.swift; path = CellContainerViewProtocol.swift; sourceTree = "<group>"; };
		320B8FE72024E654002615F8 /* ReusableCellViewModelProtocol.swift */ = {isa = PBXFileReference; lastKnownFileType = sourcecode.swift; path = ReusableCellViewModelProtocol.swift; sourceTree = "<group>"; };
		32124A712019312200EE12FC /* Typealiases.swift */ = {isa = PBXFileReference; lastKnownFileType = sourcecode.swift; path = Typealiases.swift; sourceTree = "<group>"; };
		32753F8C201BB8310084DCB1 /* UICollectionView+Extensions.swift */ = {isa = PBXFileReference; lastKnownFileType = sourcecode.swift; path = "UICollectionView+Extensions.swift"; sourceTree = "<group>"; };
		32753F8E201BB8470084DCB1 /* UITableView+Extensions.swift */ = {isa = PBXFileReference; lastKnownFileType = sourcecode.swift; path = "UITableView+Extensions.swift"; sourceTree = "<group>"; };
		32E7A1F7201BADE800B90EBC /* ViewRegistrationInfo.swift */ = {isa = PBXFileReference; lastKnownFileType = sourcecode.swift; path = ViewRegistrationInfo.swift; sourceTree = "<group>"; };
		351B0BB320168D2E0034569D /* CollectionViewController.swift */ = {isa = PBXFileReference; fileEncoding = 4; lastKnownFileType = sourcecode.swift; path = CollectionViewController.swift; sourceTree = "<group>"; };
		351B0BB420168D2E0034569D /* CollectionViewCells.swift */ = {isa = PBXFileReference; fileEncoding = 4; lastKnownFileType = sourcecode.swift; path = CollectionViewCells.swift; sourceTree = "<group>"; };
		357B96D9201934C50000443F /* CollectionToolCell.xib */ = {isa = PBXFileReference; lastKnownFileType = file.xib; path = CollectionToolCell.xib; sourceTree = "<group>"; };
		357B96E8201956760000443F /* CollectionViewHeaderView.xib */ = {isa = PBXFileReference; lastKnownFileType = file.xib; path = CollectionViewHeaderView.xib; sourceTree = "<group>"; };
		42A9724B45F9E14DD1B210D1 /* Pods-ReactiveLists.release.xcconfig */ = {isa = PBXFileReference; includeInIndex = 1; lastKnownFileType = text.xcconfig; name = "Pods-ReactiveLists.release.xcconfig"; path = "Pods/Target Support Files/Pods-ReactiveLists/Pods-ReactiveLists.release.xcconfig"; sourceTree = "<group>"; };
		45132CB591F9F96746AF8E96 /* Pods-ReactiveListsTests.debug.xcconfig */ = {isa = PBXFileReference; includeInIndex = 1; lastKnownFileType = text.xcconfig; name = "Pods-ReactiveListsTests.debug.xcconfig"; path = "Pods/Target Support Files/Pods-ReactiveListsTests/Pods-ReactiveListsTests.debug.xcconfig"; sourceTree = "<group>"; };
		932473A2DAECE0F923C4B570 /* Pods_ReactiveListsTests.framework */ = {isa = PBXFileReference; explicitFileType = wrapper.framework; includeInIndex = 0; path = Pods_ReactiveListsTests.framework; sourceTree = BUILT_PRODUCTS_DIR; };
		950EFA9B77AA7C8F0696C57B /* Pods-ReactiveLists.debug.xcconfig */ = {isa = PBXFileReference; includeInIndex = 1; lastKnownFileType = text.xcconfig; name = "Pods-ReactiveLists.debug.xcconfig"; path = "Pods/Target Support Files/Pods-ReactiveLists/Pods-ReactiveLists.debug.xcconfig"; sourceTree = "<group>"; };
		978763204EC113AFD1F7EB54 /* Pods_ReactiveLists.framework */ = {isa = PBXFileReference; explicitFileType = wrapper.framework; includeInIndex = 0; path = Pods_ReactiveLists.framework; sourceTree = BUILT_PRODUCTS_DIR; };
		C984EFFC6B6F170CB9AD8DD3 /* Pods-ReactiveListsTests.release.xcconfig */ = {isa = PBXFileReference; includeInIndex = 1; lastKnownFileType = text.xcconfig; name = "Pods-ReactiveListsTests.release.xcconfig"; path = "Pods/Target Support Files/Pods-ReactiveListsTests/Pods-ReactiveListsTests.release.xcconfig"; sourceTree = "<group>"; };
		DFAFA51D8FEF2F413206A2CF /* Pods-ReactiveLists-ReactiveListsExample.release.xcconfig */ = {isa = PBXFileReference; includeInIndex = 1; lastKnownFileType = text.xcconfig; name = "Pods-ReactiveLists-ReactiveListsExample.release.xcconfig"; path = "Pods/Target Support Files/Pods-ReactiveLists-ReactiveListsExample/Pods-ReactiveLists-ReactiveListsExample.release.xcconfig"; sourceTree = "<group>"; };
/* End PBXFileReference section */

/* Begin PBXFrameworksBuildPhase section */
		257664081F29075C00C037E3 /* Frameworks */ = {
			isa = PBXFrameworksBuildPhase;
			buildActionMask = 2147483647;
			files = (
				0ABAC2EBC76C5C0A6354C8F6 /* Pods_ReactiveLists_ReactiveListsExample.framework in Frameworks */,
			);
			runOnlyForDeploymentPostprocessing = 0;
		};
		258E318B1F0D8CBC00D6F324 /* Frameworks */ = {
			isa = PBXFrameworksBuildPhase;
			buildActionMask = 2147483647;
			files = (
				7C24B1408A8B3A147C254BCA /* Pods_ReactiveLists.framework in Frameworks */,
			);
			runOnlyForDeploymentPostprocessing = 0;
		};
		258E31951F0D8CBC00D6F324 /* Frameworks */ = {
			isa = PBXFrameworksBuildPhase;
			buildActionMask = 2147483647;
			files = (
				258E31991F0D8CBC00D6F324 /* ReactiveLists.framework in Frameworks */,
				C11B2E5FBD1253C9FFA431A1 /* Pods_ReactiveListsTests.framework in Frameworks */,
			);
			runOnlyForDeploymentPostprocessing = 0;
		};
/* End PBXFrameworksBuildPhase section */

/* Begin PBXGroup section */
		136C8458006693CEEEB97438 /* Pods */ = {
			isa = PBXGroup;
			children = (
				950EFA9B77AA7C8F0696C57B /* Pods-ReactiveLists.debug.xcconfig */,
				42A9724B45F9E14DD1B210D1 /* Pods-ReactiveLists.release.xcconfig */,
				276442FEC917A7E0F32CE5B4 /* Pods-ReactiveLists-ReactiveListsExample.debug.xcconfig */,
				DFAFA51D8FEF2F413206A2CF /* Pods-ReactiveLists-ReactiveListsExample.release.xcconfig */,
				45132CB591F9F96746AF8E96 /* Pods-ReactiveListsTests.debug.xcconfig */,
				C984EFFC6B6F170CB9AD8DD3 /* Pods-ReactiveListsTests.release.xcconfig */,
			);
			name = Pods;
			sourceTree = "<group>";
		};
		2576640C1F29075C00C037E3 /* Example */ = {
			isa = PBXGroup;
			children = (
				2576640D1F29075C00C037E3 /* AppDelegate.swift */,
				257664141F29075C00C037E3 /* Assets.xcassets */,
				357B96D9201934C50000443F /* CollectionToolCell.xib */,
				351B0BB420168D2E0034569D /* CollectionViewCells.swift */,
				351B0BB320168D2E0034569D /* CollectionViewController.swift */,
				357B96E8201956760000443F /* CollectionViewHeaderView.xib */,
				257664191F29075C00C037E3 /* Info.plist */,
				257664161F29075C00C037E3 /* LaunchScreen.storyboard */,
				257664111F29075C00C037E3 /* Main.storyboard */,
				2541B7311F298A69002C3090 /* Models.swift */,
				257664221F2907FE00C037E3 /* TableViewCellModels.swift */,
				2576641E1F2907DB00C037E3 /* TableViewController.swift */,
				32035329201BE99F0024D6CC /* ToolTableViewCell.swift */,
			);
			path = Example;
			sourceTree = "<group>";
		};
		257A97C32017A80B00164403 /* TableView */ = {
			isa = PBXGroup;
			children = (
				257A97C62017A80B00164403 /* TableViewDiffingTests.swift */,
				257A97C52017A80B00164403 /* TableViewDriverTests.swift */,
				257A97C42017A80B00164403 /* TableViewMocks.swift */,
				257A97C72017A80B00164403 /* TableViewModelTests.swift */,
				257A97BD2017A5AA00164403 /* TestTableViewModels.swift */,
			);
			path = TableView;
			sourceTree = "<group>";
		};
		257A97C82017A80B00164403 /* CollectionView */ = {
			isa = PBXGroup;
			children = (
				25B1B0B720195F160036545F /* CollectionViewDriverDiffingTests.swift */,
				257A97C92017A80B00164403 /* CollectionViewDriverTests.swift */,
				257A97DB2017AA3500164403 /* CollectionViewMocks.swift */,
				257A97CA2017A80B00164403 /* CollectionViewModelTests.swift */,
				257A97BC2017A5AA00164403 /* TestCollectionViewModels.swift */,
			);
			path = CollectionView;
			sourceTree = "<group>";
		};
		257A97CB2017A80B00164403 /* Utils */ = {
			isa = PBXGroup;
			children = (
				257A97CC2017A80B00164403 /* XCTest+Parameterized.swift */,
			);
			path = Utils;
			sourceTree = "<group>";
		};
		258E31851F0D8CBC00D6F324 = {
			isa = PBXGroup;
			children = (
				258E31911F0D8CBC00D6F324 /* Sources */,
				258E319C1F0D8CBC00D6F324 /* Tests */,
				2576640C1F29075C00C037E3 /* Example */,
				8A086C86CDAC4FC2B5C538EE /* Frameworks */,
				136C8458006693CEEEB97438 /* Pods */,
				258E31901F0D8CBC00D6F324 /* Products */,
			);
			sourceTree = "<group>";
		};
		258E31901F0D8CBC00D6F324 /* Products */ = {
			isa = PBXGroup;
			children = (
				258E318F1F0D8CBC00D6F324 /* ReactiveLists.framework */,
				258E31981F0D8CBC00D6F324 /* ReactiveListsTests.xctest */,
				2576640B1F29075C00C037E3 /* ReactiveListsExample.app */,
			);
			name = Products;
			sourceTree = "<group>";
		};
		258E31911F0D8CBC00D6F324 /* Sources */ = {
			isa = PBXGroup;
			children = (
				258E31D11F0D8F3100D6F324 /* AccessibilityFormats.swift */,
				3203532C201BF5FB0024D6CC /* CellContainerViewProtocol.swift */,
				258E31AC1F0D8D9C00D6F324 /* CollectionViewDriver.swift */,
				258E31AD1F0D8D9C00D6F324 /* CollectionViewModel.swift */,
				2541B73C1F29A13B002C3090 /* Diffing.swift */,
				258E31931F0D8CBC00D6F324 /* Info.plist */,
				258E31921F0D8CBC00D6F324 /* ReactiveLists.h */,
				320B8FE72024E654002615F8 /* ReusableCellViewModelProtocol.swift */,
				258E31D21F0D8F3100D6F324 /* SupplementaryViewInfo.swift */,
				258E31AE1F0D8D9C00D6F324 /* TableViewDriver.swift */,
				258E31AF1F0D8D9C00D6F324 /* TableViewModel.swift */,
				32124A712019312200EE12FC /* Typealiases.swift */,
				32753F8C201BB8310084DCB1 /* UICollectionView+Extensions.swift */,
				32753F8E201BB8470084DCB1 /* UITableView+Extensions.swift */,
				32E7A1F7201BADE800B90EBC /* ViewRegistrationInfo.swift */,
			);
			path = Sources;
			sourceTree = "<group>";
		};
		258E319C1F0D8CBC00D6F324 /* Tests */ = {
			isa = PBXGroup;
			children = (
				257A97C82017A80B00164403 /* CollectionView */,
				258E319F1F0D8CBC00D6F324 /* Info.plist */,
				257A97C32017A80B00164403 /* TableView */,
				257A97CB2017A80B00164403 /* Utils */,
			);
			path = Tests;
			sourceTree = "<group>";
		};
		8A086C86CDAC4FC2B5C538EE /* Frameworks */ = {
			isa = PBXGroup;
			children = (
				2540F4A01F0DA395003B4C66 /* PlanLib.framework */,
				258E31ED1F0D9A3600D6F324 /* PGSharedTestUtils.framework */,
				258E31EB1F0D9A2400D6F324 /* PGSharedTestUtils.framework */,
				978763204EC113AFD1F7EB54 /* Pods_ReactiveLists.framework */,
				2F35530D29268B112F99A187 /* Pods_ReactiveLists_ReactiveListsExample.framework */,
				932473A2DAECE0F923C4B570 /* Pods_ReactiveListsTests.framework */,
			);
			name = Frameworks;
			sourceTree = "<group>";
		};
/* End PBXGroup section */

/* Begin PBXHeadersBuildPhase section */
		258E318C1F0D8CBC00D6F324 /* Headers */ = {
			isa = PBXHeadersBuildPhase;
			buildActionMask = 2147483647;
			files = (
				258E31A01F0D8CBC00D6F324 /* ReactiveLists.h in Headers */,
			);
			runOnlyForDeploymentPostprocessing = 0;
		};
/* End PBXHeadersBuildPhase section */

/* Begin PBXNativeTarget section */
		2576640A1F29075C00C037E3 /* ReactiveListsExample */ = {
			isa = PBXNativeTarget;
			buildConfigurationList = 2576641C1F29075C00C037E3 /* Build configuration list for PBXNativeTarget "ReactiveListsExample" */;
			buildPhases = (
				967E3D218DE77FDFDAFF338D /* [CP] Check Pods Manifest.lock */,
				257664071F29075C00C037E3 /* Sources */,
				257664081F29075C00C037E3 /* Frameworks */,
				257664091F29075C00C037E3 /* Resources */,
				214905C3DB97E063F1272320 /* [CP] Embed Pods Frameworks */,
			);
			buildRules = (
			);
			dependencies = (
				25D0D4301F29356C00596AED /* PBXTargetDependency */,
			);
			name = ReactiveListsExample;
			productName = ReactiveListsExample;
			productReference = 2576640B1F29075C00C037E3 /* ReactiveListsExample.app */;
			productType = "com.apple.product-type.application";
		};
		258E318E1F0D8CBC00D6F324 /* ReactiveLists */ = {
			isa = PBXNativeTarget;
			buildConfigurationList = 258E31A31F0D8CBC00D6F324 /* Build configuration list for PBXNativeTarget "ReactiveLists" */;
			buildPhases = (
				F3DAA3881D9E76BE67F52FAA /* [CP] Check Pods Manifest.lock */,
				258E318A1F0D8CBC00D6F324 /* Sources */,
				258E318B1F0D8CBC00D6F324 /* Frameworks */,
				258E318C1F0D8CBC00D6F324 /* Headers */,
				258E318D1F0D8CBC00D6F324 /* Resources */,
				357B96DD20193EB50000443F /* ShellScript */,
			);
			buildRules = (
			);
			dependencies = (
			);
			name = ReactiveLists;
			productName = ReactiveLists;
			productReference = 258E318F1F0D8CBC00D6F324 /* ReactiveLists.framework */;
			productType = "com.apple.product-type.framework";
		};
		258E31971F0D8CBC00D6F324 /* ReactiveListsTests */ = {
			isa = PBXNativeTarget;
			buildConfigurationList = 258E31A61F0D8CBC00D6F324 /* Build configuration list for PBXNativeTarget "ReactiveListsTests" */;
			buildPhases = (
				437FEC491464A7BDC29789F9 /* [CP] Check Pods Manifest.lock */,
				258E31941F0D8CBC00D6F324 /* Sources */,
				258E31951F0D8CBC00D6F324 /* Frameworks */,
				258E31961F0D8CBC00D6F324 /* Resources */,
				2540F4A61F0DAE9F003B4C66 /* CopyFiles */,
				0F9E96549A247A14D6A50926 /* [CP] Embed Pods Frameworks */,
			);
			buildRules = (
			);
			dependencies = (
				258E319B1F0D8CBC00D6F324 /* PBXTargetDependency */,
			);
			name = ReactiveListsTests;
			productName = ReactiveListsTests;
			productReference = 258E31981F0D8CBC00D6F324 /* ReactiveListsTests.xctest */;
			productType = "com.apple.product-type.bundle.unit-test";
		};
/* End PBXNativeTarget section */

/* Begin PBXProject section */
		258E31861F0D8CBC00D6F324 /* Project object */ = {
			isa = PBXProject;
			attributes = {
				LastSwiftUpdateCheck = 0830;
				LastUpgradeCheck = 0930;
				ORGANIZATIONNAME = PlanGrid;
				TargetAttributes = {
					2576640A1F29075C00C037E3 = {
						CreatedOnToolsVersion = 8.3.3;
						LastSwiftMigration = 1000;
						ProvisioningStyle = Automatic;
					};
					258E318E1F0D8CBC00D6F324 = {
						CreatedOnToolsVersion = 8.3.3;
						LastSwiftMigration = 1000;
						ProvisioningStyle = Manual;
					};
					258E31971F0D8CBC00D6F324 = {
						CreatedOnToolsVersion = 8.3.3;
						LastSwiftMigration = 1000;
						ProvisioningStyle = Manual;
					};
				};
			};
			buildConfigurationList = 258E31891F0D8CBC00D6F324 /* Build configuration list for PBXProject "ReactiveLists" */;
			compatibilityVersion = "Xcode 3.2";
			developmentRegion = English;
			hasScannedForEncodings = 0;
			knownRegions = (
				en,
				Base,
			);
			mainGroup = 258E31851F0D8CBC00D6F324;
			productRefGroup = 258E31901F0D8CBC00D6F324 /* Products */;
			projectDirPath = "";
			projectRoot = "";
			targets = (
				258E318E1F0D8CBC00D6F324 /* ReactiveLists */,
				258E31971F0D8CBC00D6F324 /* ReactiveListsTests */,
				2576640A1F29075C00C037E3 /* ReactiveListsExample */,
			);
		};
/* End PBXProject section */

/* Begin PBXResourcesBuildPhase section */
		257664091F29075C00C037E3 /* Resources */ = {
			isa = PBXResourcesBuildPhase;
			buildActionMask = 2147483647;
			files = (
				357B96DC2019374E0000443F /* CollectionToolCell.xib in Resources */,
				357B96EA2019599C0000443F /* CollectionViewHeaderView.xib in Resources */,
				257664181F29075C00C037E3 /* LaunchScreen.storyboard in Resources */,
				257664151F29075C00C037E3 /* Assets.xcassets in Resources */,
				257664131F29075C00C037E3 /* Main.storyboard in Resources */,
			);
			runOnlyForDeploymentPostprocessing = 0;
		};
		258E318D1F0D8CBC00D6F324 /* Resources */ = {
			isa = PBXResourcesBuildPhase;
			buildActionMask = 2147483647;
			files = (
				357B96DA201934C50000443F /* CollectionToolCell.xib in Resources */,
				357B96E9201956760000443F /* CollectionViewHeaderView.xib in Resources */,
			);
			runOnlyForDeploymentPostprocessing = 0;
		};
		258E31961F0D8CBC00D6F324 /* Resources */ = {
			isa = PBXResourcesBuildPhase;
			buildActionMask = 2147483647;
			files = (
			);
			runOnlyForDeploymentPostprocessing = 0;
		};
/* End PBXResourcesBuildPhase section */

/* Begin PBXShellScriptBuildPhase section */
		0F9E96549A247A14D6A50926 /* [CP] Embed Pods Frameworks */ = {
			isa = PBXShellScriptBuildPhase;
			buildActionMask = 2147483647;
			files = (
			);
			inputPaths = (
				"${SRCROOT}/Pods/Target Support Files/Pods-ReactiveListsTests/Pods-ReactiveListsTests-frameworks.sh",
				"${BUILT_PRODUCTS_DIR}/DifferenceKit/DifferenceKit.framework",
			);
			name = "[CP] Embed Pods Frameworks";
			outputPaths = (
				"${TARGET_BUILD_DIR}/${FRAMEWORKS_FOLDER_PATH}/DifferenceKit.framework",
			);
			runOnlyForDeploymentPostprocessing = 0;
			shellPath = /bin/sh;
			shellScript = "\"${SRCROOT}/Pods/Target Support Files/Pods-ReactiveListsTests/Pods-ReactiveListsTests-frameworks.sh\"\n";
			showEnvVarsInLog = 0;
		};
		214905C3DB97E063F1272320 /* [CP] Embed Pods Frameworks */ = {
			isa = PBXShellScriptBuildPhase;
			buildActionMask = 2147483647;
			files = (
			);
			inputPaths = (
				"${SRCROOT}/Pods/Target Support Files/Pods-ReactiveLists-ReactiveListsExample/Pods-ReactiveLists-ReactiveListsExample-frameworks.sh",
				"${BUILT_PRODUCTS_DIR}/DifferenceKit/DifferenceKit.framework",
			);
			name = "[CP] Embed Pods Frameworks";
			outputPaths = (
				"${TARGET_BUILD_DIR}/${FRAMEWORKS_FOLDER_PATH}/DifferenceKit.framework",
			);
			runOnlyForDeploymentPostprocessing = 0;
			shellPath = /bin/sh;
			shellScript = "\"${SRCROOT}/Pods/Target Support Files/Pods-ReactiveLists-ReactiveListsExample/Pods-ReactiveLists-ReactiveListsExample-frameworks.sh\"\n";
			showEnvVarsInLog = 0;
		};
		357B96DD20193EB50000443F /* ShellScript */ = {
			isa = PBXShellScriptBuildPhase;
			buildActionMask = 2147483647;
			files = (
			);
			inputPaths = (
			);
			outputPaths = (
			);
			runOnlyForDeploymentPostprocessing = 0;
			shellPath = /bin/sh;
			shellScript = "${PODS_ROOT}/SwiftLint/swiftlint\n";
		};
		437FEC491464A7BDC29789F9 /* [CP] Check Pods Manifest.lock */ = {
			isa = PBXShellScriptBuildPhase;
			buildActionMask = 2147483647;
			files = (
			);
			inputPaths = (
				"${PODS_PODFILE_DIR_PATH}/Podfile.lock",
				"${PODS_ROOT}/Manifest.lock",
			);
			name = "[CP] Check Pods Manifest.lock";
			outputPaths = (
				"$(DERIVED_FILE_DIR)/Pods-ReactiveListsTests-checkManifestLockResult.txt",
			);
			runOnlyForDeploymentPostprocessing = 0;
			shellPath = /bin/sh;
			shellScript = "diff \"${PODS_PODFILE_DIR_PATH}/Podfile.lock\" \"${PODS_ROOT}/Manifest.lock\" > /dev/null\nif [ $? != 0 ] ; then\n    # print error to STDERR\n    echo \"error: The sandbox is not in sync with the Podfile.lock. Run 'pod install' or update your CocoaPods installation.\" >&2\n    exit 1\nfi\n# This output is used by Xcode 'outputs' to avoid re-running this script phase.\necho \"SUCCESS\" > \"${SCRIPT_OUTPUT_FILE_0}\"\n";
			showEnvVarsInLog = 0;
		};
		967E3D218DE77FDFDAFF338D /* [CP] Check Pods Manifest.lock */ = {
			isa = PBXShellScriptBuildPhase;
			buildActionMask = 2147483647;
			files = (
			);
			inputPaths = (
				"${PODS_PODFILE_DIR_PATH}/Podfile.lock",
				"${PODS_ROOT}/Manifest.lock",
			);
			name = "[CP] Check Pods Manifest.lock";
			outputPaths = (
				"$(DERIVED_FILE_DIR)/Pods-ReactiveLists-ReactiveListsExample-checkManifestLockResult.txt",
			);
			runOnlyForDeploymentPostprocessing = 0;
			shellPath = /bin/sh;
			shellScript = "diff \"${PODS_PODFILE_DIR_PATH}/Podfile.lock\" \"${PODS_ROOT}/Manifest.lock\" > /dev/null\nif [ $? != 0 ] ; then\n    # print error to STDERR\n    echo \"error: The sandbox is not in sync with the Podfile.lock. Run 'pod install' or update your CocoaPods installation.\" >&2\n    exit 1\nfi\n# This output is used by Xcode 'outputs' to avoid re-running this script phase.\necho \"SUCCESS\" > \"${SCRIPT_OUTPUT_FILE_0}\"\n";
			showEnvVarsInLog = 0;
		};
		F3DAA3881D9E76BE67F52FAA /* [CP] Check Pods Manifest.lock */ = {
			isa = PBXShellScriptBuildPhase;
			buildActionMask = 2147483647;
			files = (
			);
			inputPaths = (
				"${PODS_PODFILE_DIR_PATH}/Podfile.lock",
				"${PODS_ROOT}/Manifest.lock",
			);
			name = "[CP] Check Pods Manifest.lock";
			outputPaths = (
				"$(DERIVED_FILE_DIR)/Pods-ReactiveLists-checkManifestLockResult.txt",
			);
			runOnlyForDeploymentPostprocessing = 0;
			shellPath = /bin/sh;
			shellScript = "diff \"${PODS_PODFILE_DIR_PATH}/Podfile.lock\" \"${PODS_ROOT}/Manifest.lock\" > /dev/null\nif [ $? != 0 ] ; then\n    # print error to STDERR\n    echo \"error: The sandbox is not in sync with the Podfile.lock. Run 'pod install' or update your CocoaPods installation.\" >&2\n    exit 1\nfi\n# This output is used by Xcode 'outputs' to avoid re-running this script phase.\necho \"SUCCESS\" > \"${SCRIPT_OUTPUT_FILE_0}\"\n";
			showEnvVarsInLog = 0;
		};
/* End PBXShellScriptBuildPhase section */

/* Begin PBXSourcesBuildPhase section */
		257664071F29075C00C037E3 /* Sources */ = {
			isa = PBXSourcesBuildPhase;
			buildActionMask = 2147483647;
			files = (
				351B0BB920168E2E0034569D /* CollectionViewCells.swift in Sources */,
				351B0BBA20168E2E0034569D /* CollectionViewController.swift in Sources */,
				2576641F1F2907DB00C037E3 /* TableViewController.swift in Sources */,
				257664231F2907FE00C037E3 /* TableViewCellModels.swift in Sources */,
				3203532B201BE9E90024D6CC /* ToolTableViewCell.swift in Sources */,
				2541B7321F298A69002C3090 /* Models.swift in Sources */,
				2576640E1F29075C00C037E3 /* AppDelegate.swift in Sources */,
			);
			runOnlyForDeploymentPostprocessing = 0;
		};
		258E318A1F0D8CBC00D6F324 /* Sources */ = {
			isa = PBXSourcesBuildPhase;
			buildActionMask = 2147483647;
			files = (
				3203532D201BF5FB0024D6CC /* CellContainerViewProtocol.swift in Sources */,
				2541B73D1F29A13B002C3090 /* Diffing.swift in Sources */,
				258E31B31F0D8D9C00D6F324 /* TableViewDriver.swift in Sources */,
				32753F8D201BB8310084DCB1 /* UICollectionView+Extensions.swift in Sources */,
				32E7A1F8201BADE800B90EBC /* ViewRegistrationInfo.swift in Sources */,
				258E31B11F0D8D9C00D6F324 /* CollectionViewDriver.swift in Sources */,
				258E31B41F0D8D9C00D6F324 /* TableViewModel.swift in Sources */,
				258E31D31F0D8F3100D6F324 /* AccessibilityFormats.swift in Sources */,
				32753F8F201BB8470084DCB1 /* UITableView+Extensions.swift in Sources */,
				320B8FE82024E654002615F8 /* ReusableCellViewModelProtocol.swift in Sources */,
				258E31D41F0D8F3100D6F324 /* SupplementaryViewInfo.swift in Sources */,
				258E31B21F0D8D9C00D6F324 /* CollectionViewModel.swift in Sources */,
				25B1B0BA201A53CF0036545F /* Typealiases.swift in Sources */,
			);
			runOnlyForDeploymentPostprocessing = 0;
		};
		258E31941F0D8CBC00D6F324 /* Sources */ = {
			isa = PBXSourcesBuildPhase;
			buildActionMask = 2147483647;
			files = (
				257A97D62017A82900164403 /* TableViewDiffingTests.swift in Sources */,
				257A97D72017A82900164403 /* TableViewModelTests.swift in Sources */,
				257A97D82017A82F00164403 /* CollectionViewDriverTests.swift in Sources */,
				257A97C02017A5D300164403 /* TestCollectionViewModels.swift in Sources */,
				257A97D92017A82F00164403 /* CollectionViewModelTests.swift in Sources */,
				25B1B0B920195F1C0036545F /* CollectionViewDriverDiffingTests.swift in Sources */,
				257A97DA2017A83400164403 /* XCTest+Parameterized.swift in Sources */,
				257A97D42017A82900164403 /* TableViewMocks.swift in Sources */,
				257A97DD2017AA9000164403 /* CollectionViewMocks.swift in Sources */,
				257A97D52017A82900164403 /* TableViewDriverTests.swift in Sources */,
				257A97C12017A5D300164403 /* TestTableViewModels.swift in Sources */,
			);
			runOnlyForDeploymentPostprocessing = 0;
		};
/* End PBXSourcesBuildPhase section */

/* Begin PBXTargetDependency section */
		258E319B1F0D8CBC00D6F324 /* PBXTargetDependency */ = {
			isa = PBXTargetDependency;
			target = 258E318E1F0D8CBC00D6F324 /* ReactiveLists */;
			targetProxy = 258E319A1F0D8CBC00D6F324 /* PBXContainerItemProxy */;
		};
		25D0D4301F29356C00596AED /* PBXTargetDependency */ = {
			isa = PBXTargetDependency;
			target = 258E318E1F0D8CBC00D6F324 /* ReactiveLists */;
			targetProxy = 25D0D42F1F29356C00596AED /* PBXContainerItemProxy */;
		};
/* End PBXTargetDependency section */

/* Begin PBXVariantGroup section */
		257664111F29075C00C037E3 /* Main.storyboard */ = {
			isa = PBXVariantGroup;
			children = (
				257664121F29075C00C037E3 /* Base */,
			);
			name = Main.storyboard;
			path = .;
			sourceTree = "<group>";
		};
		257664161F29075C00C037E3 /* LaunchScreen.storyboard */ = {
			isa = PBXVariantGroup;
			children = (
				257664171F29075C00C037E3 /* Base */,
			);
			name = LaunchScreen.storyboard;
			path = .;
			sourceTree = "<group>";
		};
/* End PBXVariantGroup section */

/* Begin XCBuildConfiguration section */
		2576641A1F29075C00C037E3 /* Debug */ = {
			isa = XCBuildConfiguration;
			baseConfigurationReference = 276442FEC917A7E0F32CE5B4 /* Pods-ReactiveLists-ReactiveListsExample.debug.xcconfig */;
			buildSettings = {
				ASSETCATALOG_COMPILER_APPICON_NAME = AppIcon;
				CODE_SIGN_IDENTITY = "iPhone Developer";
				CODE_SIGN_STYLE = Automatic;
				DEVELOPMENT_TEAM = "";
				INFOPLIST_FILE = "$(SRCROOT)/Example/Info.plist";
				LD_RUNPATH_SEARCH_PATHS = "$(inherited) @executable_path/Frameworks";
				PRODUCT_BUNDLE_IDENTIFIER = com.plangrid.ReactiveListsExample;
				PRODUCT_NAME = "$(TARGET_NAME)";
				PROVISIONING_PROFILE_SPECIFIER = "";
			};
			name = Debug;
		};
		2576641B1F29075C00C037E3 /* Release */ = {
			isa = XCBuildConfiguration;
			baseConfigurationReference = DFAFA51D8FEF2F413206A2CF /* Pods-ReactiveLists-ReactiveListsExample.release.xcconfig */;
			buildSettings = {
				ASSETCATALOG_COMPILER_APPICON_NAME = AppIcon;
				CODE_SIGN_IDENTITY = "iPhone Developer";
				CODE_SIGN_STYLE = Automatic;
				DEVELOPMENT_TEAM = "";
				INFOPLIST_FILE = "$(SRCROOT)/Example/Info.plist";
				LD_RUNPATH_SEARCH_PATHS = "$(inherited) @executable_path/Frameworks";
				PRODUCT_BUNDLE_IDENTIFIER = com.plangrid.ReactiveListsExample;
				PRODUCT_NAME = "$(TARGET_NAME)";
				PROVISIONING_PROFILE_SPECIFIER = "";
			};
			name = Release;
		};
		258E31A11F0D8CBC00D6F324 /* Debug */ = {
			isa = XCBuildConfiguration;
			buildSettings = {
				ALWAYS_SEARCH_USER_PATHS = NO;
				CLANG_ANALYZER_NONNULL = YES;
				CLANG_ANALYZER_NUMBER_OBJECT_CONVERSION = YES_AGGRESSIVE;
				CLANG_CXX_LIBRARY = "libc++";
				CLANG_ENABLE_MODULES = YES;
				CLANG_ENABLE_OBJC_ARC = YES;
				CLANG_WARN_BLOCK_CAPTURE_AUTORELEASING = YES;
				CLANG_WARN_BOOL_CONVERSION = YES;
				CLANG_WARN_COMMA = YES;
				CLANG_WARN_CONSTANT_CONVERSION = YES;
				CLANG_WARN_DEPRECATED_OBJC_IMPLEMENTATIONS = YES;
				CLANG_WARN_DIRECT_OBJC_ISA_USAGE = YES_ERROR;
				CLANG_WARN_DOCUMENTATION_COMMENTS = YES;
				CLANG_WARN_EMPTY_BODY = YES;
				CLANG_WARN_ENUM_CONVERSION = YES;
				CLANG_WARN_INFINITE_RECURSION = YES;
				CLANG_WARN_INT_CONVERSION = YES;
				CLANG_WARN_NON_LITERAL_NULL_CONVERSION = YES;
				CLANG_WARN_OBJC_IMPLICIT_RETAIN_SELF = YES;
				CLANG_WARN_OBJC_LITERAL_CONVERSION = YES;
				CLANG_WARN_OBJC_ROOT_CLASS = YES_ERROR;
				CLANG_WARN_RANGE_LOOP_ANALYSIS = YES;
				CLANG_WARN_STRICT_PROTOTYPES = YES;
				CLANG_WARN_SUSPICIOUS_MOVE = YES;
				CLANG_WARN_UNREACHABLE_CODE = YES;
				CLANG_WARN__DUPLICATE_METHOD_MATCH = YES;
				"CODE_SIGN_IDENTITY[sdk=iphoneos*]" = "iPhone Developer";
				COPY_PHASE_STRIP = NO;
				CURRENT_PROJECT_VERSION = 1;
				DEBUG_INFORMATION_FORMAT = dwarf;
				ENABLE_STRICT_OBJC_MSGSEND = YES;
				ENABLE_TESTABILITY = YES;
				GCC_DYNAMIC_NO_PIC = NO;
				GCC_NO_COMMON_BLOCKS = YES;
				GCC_OPTIMIZATION_LEVEL = 0;
				GCC_PREPROCESSOR_DEFINITIONS = (
					"DEBUG=1",
					"$(inherited)",
				);
				GCC_WARN_64_TO_32_BIT_CONVERSION = YES;
				GCC_WARN_ABOUT_RETURN_TYPE = YES_ERROR;
				GCC_WARN_UNDECLARED_SELECTOR = YES;
				GCC_WARN_UNINITIALIZED_AUTOS = YES_AGGRESSIVE;
				GCC_WARN_UNUSED_FUNCTION = YES;
				GCC_WARN_UNUSED_VARIABLE = YES;
				IPHONEOS_DEPLOYMENT_TARGET = 10.0;
				MTL_ENABLE_DEBUG_INFO = YES;
				ONLY_ACTIVE_ARCH = YES;
				SDKROOT = iphoneos;
				SWIFT_ACTIVE_COMPILATION_CONDITIONS = DEBUG;
				SWIFT_OPTIMIZATION_LEVEL = "-Onone";
				SWIFT_VERSION = 4.2;
				TARGETED_DEVICE_FAMILY = "1,2";
				VERSIONING_SYSTEM = "apple-generic";
				VERSION_INFO_PREFIX = "";
			};
			name = Debug;
		};
		258E31A21F0D8CBC00D6F324 /* Release */ = {
			isa = XCBuildConfiguration;
			buildSettings = {
				ALWAYS_SEARCH_USER_PATHS = NO;
				CLANG_ANALYZER_NONNULL = YES;
				CLANG_ANALYZER_NUMBER_OBJECT_CONVERSION = YES_AGGRESSIVE;
				CLANG_CXX_LIBRARY = "libc++";
				CLANG_ENABLE_MODULES = YES;
				CLANG_ENABLE_OBJC_ARC = YES;
				CLANG_WARN_BLOCK_CAPTURE_AUTORELEASING = YES;
				CLANG_WARN_BOOL_CONVERSION = YES;
				CLANG_WARN_COMMA = YES;
				CLANG_WARN_CONSTANT_CONVERSION = YES;
				CLANG_WARN_DEPRECATED_OBJC_IMPLEMENTATIONS = YES;
				CLANG_WARN_DIRECT_OBJC_ISA_USAGE = YES_ERROR;
				CLANG_WARN_DOCUMENTATION_COMMENTS = YES;
				CLANG_WARN_EMPTY_BODY = YES;
				CLANG_WARN_ENUM_CONVERSION = YES;
				CLANG_WARN_INFINITE_RECURSION = YES;
				CLANG_WARN_INT_CONVERSION = YES;
				CLANG_WARN_NON_LITERAL_NULL_CONVERSION = YES;
				CLANG_WARN_OBJC_IMPLICIT_RETAIN_SELF = YES;
				CLANG_WARN_OBJC_LITERAL_CONVERSION = YES;
				CLANG_WARN_OBJC_ROOT_CLASS = YES_ERROR;
				CLANG_WARN_RANGE_LOOP_ANALYSIS = YES;
				CLANG_WARN_STRICT_PROTOTYPES = YES;
				CLANG_WARN_SUSPICIOUS_MOVE = YES;
				CLANG_WARN_UNREACHABLE_CODE = YES;
				CLANG_WARN__DUPLICATE_METHOD_MATCH = YES;
				"CODE_SIGN_IDENTITY[sdk=iphoneos*]" = "iPhone Developer";
				COPY_PHASE_STRIP = NO;
				CURRENT_PROJECT_VERSION = 1;
				DEBUG_INFORMATION_FORMAT = "dwarf-with-dsym";
				ENABLE_NS_ASSERTIONS = NO;
				ENABLE_STRICT_OBJC_MSGSEND = YES;
				GCC_NO_COMMON_BLOCKS = YES;
				GCC_WARN_64_TO_32_BIT_CONVERSION = YES;
				GCC_WARN_ABOUT_RETURN_TYPE = YES_ERROR;
				GCC_WARN_UNDECLARED_SELECTOR = YES;
				GCC_WARN_UNINITIALIZED_AUTOS = YES_AGGRESSIVE;
				GCC_WARN_UNUSED_FUNCTION = YES;
				GCC_WARN_UNUSED_VARIABLE = YES;
				IPHONEOS_DEPLOYMENT_TARGET = 10.0;
				MTL_ENABLE_DEBUG_INFO = NO;
				SDKROOT = iphoneos;
				SWIFT_OPTIMIZATION_LEVEL = "-Owholemodule";
				SWIFT_VERSION = 4.2;
				TARGETED_DEVICE_FAMILY = "1,2";
				VALIDATE_PRODUCT = YES;
				VERSIONING_SYSTEM = "apple-generic";
				VERSION_INFO_PREFIX = "";
			};
			name = Release;
		};
		258E31A41F0D8CBC00D6F324 /* Debug */ = {
			isa = XCBuildConfiguration;
			baseConfigurationReference = 950EFA9B77AA7C8F0696C57B /* Pods-ReactiveLists.debug.xcconfig */;
			buildSettings = {
				CLANG_ENABLE_MODULES = YES;
				CODE_SIGN_IDENTITY = "";
				DEFINES_MODULE = YES;
				DEVELOPMENT_TEAM = "";
				DYLIB_COMPATIBILITY_VERSION = 1;
				DYLIB_CURRENT_VERSION = 1;
				DYLIB_INSTALL_NAME_BASE = "@rpath";
				INFOPLIST_FILE = "$(SRCROOT)/Sources/Info.plist";
				INSTALL_PATH = "$(LOCAL_LIBRARY_DIR)/Frameworks";
				LD_RUNPATH_SEARCH_PATHS = "$(inherited) @executable_path/Frameworks @loader_path/Frameworks";
				PRODUCT_BUNDLE_IDENTIFIER = com.plangrid.ReactiveLists;
				PRODUCT_NAME = "$(TARGET_NAME)";
				PROVISIONING_PROFILE_SPECIFIER = "";
				SKIP_INSTALL = YES;
				SWIFT_OPTIMIZATION_LEVEL = "-Onone";
			};
			name = Debug;
		};
		258E31A51F0D8CBC00D6F324 /* Release */ = {
			isa = XCBuildConfiguration;
			baseConfigurationReference = 42A9724B45F9E14DD1B210D1 /* Pods-ReactiveLists.release.xcconfig */;
			buildSettings = {
				CLANG_ENABLE_MODULES = YES;
				CODE_SIGN_IDENTITY = "";
				DEFINES_MODULE = YES;
				DEVELOPMENT_TEAM = "";
				DYLIB_COMPATIBILITY_VERSION = 1;
				DYLIB_CURRENT_VERSION = 1;
				DYLIB_INSTALL_NAME_BASE = "@rpath";
				INFOPLIST_FILE = "$(SRCROOT)/Sources/Info.plist";
				INSTALL_PATH = "$(LOCAL_LIBRARY_DIR)/Frameworks";
				LD_RUNPATH_SEARCH_PATHS = "$(inherited) @executable_path/Frameworks @loader_path/Frameworks";
				PRODUCT_BUNDLE_IDENTIFIER = com.plangrid.ReactiveLists;
				PRODUCT_NAME = "$(TARGET_NAME)";
				PROVISIONING_PROFILE_SPECIFIER = "";
				SKIP_INSTALL = YES;
			};
			name = Release;
		};
		258E31A71F0D8CBC00D6F324 /* Debug */ = {
			isa = XCBuildConfiguration;
			baseConfigurationReference = 45132CB591F9F96746AF8E96 /* Pods-ReactiveListsTests.debug.xcconfig */;
			buildSettings = {
				ALWAYS_EMBED_SWIFT_STANDARD_LIBRARIES = "$(inherited)";
				CODE_SIGN_IDENTITY = "iPhone Developer";
				"CODE_SIGN_IDENTITY[sdk=iphoneos*]" = "";
				CODE_SIGN_STYLE = Manual;
				DEVELOPMENT_TEAM = "";
				INFOPLIST_FILE = Tests/Info.plist;
				LD_RUNPATH_SEARCH_PATHS = "$(inherited) @executable_path/Frameworks @loader_path/Frameworks";
				PRODUCT_BUNDLE_IDENTIFIER = com.plangrid.ReactiveListsTests;
				PRODUCT_NAME = "$(TARGET_NAME)";
				PROVISIONING_PROFILE_SPECIFIER = "";
			};
			name = Debug;
		};
		258E31A81F0D8CBC00D6F324 /* Release */ = {
			isa = XCBuildConfiguration;
			baseConfigurationReference = C984EFFC6B6F170CB9AD8DD3 /* Pods-ReactiveListsTests.release.xcconfig */;
			buildSettings = {
				ALWAYS_EMBED_SWIFT_STANDARD_LIBRARIES = "$(inherited)";
				CODE_SIGN_IDENTITY = "iPhone Developer";
				"CODE_SIGN_IDENTITY[sdk=iphoneos*]" = "";
				CODE_SIGN_STYLE = Manual;
				DEVELOPMENT_TEAM = "";
				INFOPLIST_FILE = Tests/Info.plist;
				LD_RUNPATH_SEARCH_PATHS = "$(inherited) @executable_path/Frameworks @loader_path/Frameworks";
				PRODUCT_BUNDLE_IDENTIFIER = com.plangrid.ReactiveListsTests;
				PRODUCT_NAME = "$(TARGET_NAME)";
				PROVISIONING_PROFILE_SPECIFIER = "";
			};
			name = Release;
		};
/* End XCBuildConfiguration section */

/* Begin XCConfigurationList section */
		2576641C1F29075C00C037E3 /* Build configuration list for PBXNativeTarget "ReactiveListsExample" */ = {
			isa = XCConfigurationList;
			buildConfigurations = (
				2576641A1F29075C00C037E3 /* Debug */,
				2576641B1F29075C00C037E3 /* Release */,
			);
			defaultConfigurationIsVisible = 0;
			defaultConfigurationName = Release;
		};
		258E31891F0D8CBC00D6F324 /* Build configuration list for PBXProject "ReactiveLists" */ = {
			isa = XCConfigurationList;
			buildConfigurations = (
				258E31A11F0D8CBC00D6F324 /* Debug */,
				258E31A21F0D8CBC00D6F324 /* Release */,
			);
			defaultConfigurationIsVisible = 0;
			defaultConfigurationName = Release;
		};
		258E31A31F0D8CBC00D6F324 /* Build configuration list for PBXNativeTarget "ReactiveLists" */ = {
			isa = XCConfigurationList;
			buildConfigurations = (
				258E31A41F0D8CBC00D6F324 /* Debug */,
				258E31A51F0D8CBC00D6F324 /* Release */,
			);
			defaultConfigurationIsVisible = 0;
			defaultConfigurationName = Release;
		};
		258E31A61F0D8CBC00D6F324 /* Build configuration list for PBXNativeTarget "ReactiveListsTests" */ = {
			isa = XCConfigurationList;
			buildConfigurations = (
				258E31A71F0D8CBC00D6F324 /* Debug */,
				258E31A81F0D8CBC00D6F324 /* Release */,
			);
			defaultConfigurationIsVisible = 0;
			defaultConfigurationName = Release;
		};
/* End XCConfigurationList section */
	};
	rootObject = 258E31861F0D8CBC00D6F324 /* Project object */;
}
